{
  "name": "plugins-example",
  "lockfileVersion": 2,
  "requires": true,
  "packages": {
    "": {
      "dependencies": {
        "@capacitor/app": "^5",
        "@capacitor/toast": "^5"
      }
    },
    "node_modules/@capacitor/app": {
      "version": "5.0.8",
      "resolved": "https://registry.npmjs.org/@capacitor/app/-/app-5.0.8.tgz",
      "integrity": "sha512-ClUPJG6Awkf5HncVCZQwLrnuugjU8TnACSJ1dKJb6QNCHv2jQzmXvB3KvTvxTZyWbh5EVvlla0qlobYyU1lb6A==",
      "license": "MIT",
      "peerDependencies": {
        "@capacitor/core": "^5.0.0"
      }
    },
    "node_modules/@capacitor/core": {
      "version": "5.7.8",
      "resolved": "https://registry.npmjs.org/@capacitor/core/-/core-5.7.8.tgz",
      "integrity": "sha512-rrZcm/2vJM0WdWRQup1TUidbjQV9PfIadSkV4rAGLD7R6PuzZSMPGT0gmoZzCRlXkqrazrWWDkurei3ozU02FA==",
      "license": "MIT",
      "peer": true,
      "dependencies": {
        "tslib": "^2.1.0"
      }
    },
    "node_modules/@capacitor/toast": {
      "version": "5.0.8",
      "resolved": "https://registry.npmjs.org/@capacitor/toast/-/toast-5.0.8.tgz",
      "integrity": "sha512-E8E6ZvBRJKyKKPUmRJ3MLKHm1N7oY/L5uLvvtVLq82ziZPRp2sX9eFIpHQDCSCNMDbIvPHG0BWVP2Son8b9usQ==",
      "license": "MIT",
      "peerDependencies": {
        "@capacitor/core": "^5.0.0"
      }
    },
    "node_modules/tslib": {
      "version": "2.4.1",
      "resolved": "https://registry.npmjs.org/tslib/-/tslib-2.4.1.tgz",
      "integrity": "sha512-tGyy4dAjRIEwI7BzsB0lynWgOpfqjUdq91XXAlIWD2OwKBH7oCl/GZG/HT4BOHrTlPMOASlMQ7veyTqpmRcrNA==",
      "peer": true
    }
  },
  "dependencies": {
    "@capacitor/app": {
      "version": "5.0.8",
      "resolved": "https://registry.npmjs.org/@capacitor/app/-/app-5.0.8.tgz",
      "integrity": "sha512-ClUPJG6Awkf5HncVCZQwLrnuugjU8TnACSJ1dKJb6QNCHv2jQzmXvB3KvTvxTZyWbh5EVvlla0qlobYyU1lb6A==",
      "requires": {}
    },
    "@capacitor/core": {
      "version": "5.7.8",
      "resolved": "https://registry.npmjs.org/@capacitor/core/-/core-5.7.8.tgz",
      "integrity": "sha512-rrZcm/2vJM0WdWRQup1TUidbjQV9PfIadSkV4rAGLD7R6PuzZSMPGT0gmoZzCRlXkqrazrWWDkurei3ozU02FA==",
      "peer": true,
      "requires": {
        "tslib": "^2.1.0"
      }
    },
    "@capacitor/toast": {
      "version": "5.0.8",
      "resolved": "https://registry.npmjs.org/@capacitor/toast/-/toast-5.0.8.tgz",
      "integrity": "sha512-E8E6ZvBRJKyKKPUmRJ3MLKHm1N7oY/L5uLvvtVLq82ziZPRp2sX9eFIpHQDCSCNMDbIvPHG0BWVP2Son8b9usQ==",
      "requires": {}
    },
    "tslib": {
      "version": "2.4.1",
      "resolved": "https://registry.npmjs.org/tslib/-/tslib-2.4.1.tgz",
      "integrity": "sha512-tGyy4dAjRIEwI7BzsB0lynWgOpfqjUdq91XXAlIWD2OwKBH7oCl/GZG/HT4BOHrTlPMOASlMQ7veyTqpmRcrNA==",
      "peer": true
    }
  }
}
