{
  "name": "www",
  "lockfileVersion": 2,
  "requires": true,
  "packages": {
    "": {
      "dependencies": {
        "@capacitor/app": "^4.1.1"
      }
    },
    "node_modules/@capacitor/app": {
      "version": "4.1.1",
      "resolved": "https://registry.npmjs.org/@capacitor/app/-/app-4.1.1.tgz",
      "integrity": "sha512-SJcJA1rhFQyeH6eLfUEbdKkHzAwzahJNVPNXmU88fdmXpMgM2dJGzZj1vrm6e21aQq+Z4aBVLJ2RCdj92zD7wg==",
      "peerDependencies": {
        "@capacitor/core": "^4.0.0"
      }
    },
    "node_modules/@capacitor/core": {
      "version": "4.6.1",
      "resolved": "https://registry.npmjs.org/@capacitor/core/-/core-4.6.1.tgz",
      "integrity": "sha512-7A2IV9E8umgu9u0fChUTjQJq+Jp25GJZMmWxoQN/nVx/1rcpFJ4m1xo3NPBoIRs+aV7FR+BM17mPrnkKlA8N2g==",
      "peer": true,
      "dependencies": {
        "tslib": "^2.1.0"
      }
    },
    "node_modules/tslib": {
      "version": "2.4.1",
      "resolved": "https://registry.npmjs.org/tslib/-/tslib-2.4.1.tgz",
      "integrity": "sha512-tGyy4dAjRIEwI7BzsB0lynWgOpfqjUdq91XXAlIWD2OwKBH7oCl/GZG/HT4BOHrTlPMOASlMQ7veyTqpmRcrNA==",
      "peer": true
    }
  },
  "dependencies": {
    "@capacitor/app": {
      "version": "4.1.1",
      "resolved": "https://registry.npmjs.org/@capacitor/app/-/app-4.1.1.tgz",
      "integrity": "sha512-SJcJA1rhFQyeH6eLfUEbdKkHzAwzahJNVPNXmU88fdmXpMgM2dJGzZj1vrm6e21aQq+Z4aBVLJ2RCdj92zD7wg==",
      "requires": {}
    },
    "@capacitor/core": {
      "version": "4.6.1",
      "resolved": "https://registry.npmjs.org/@capacitor/core/-/core-4.6.1.tgz",
      "integrity": "sha512-7A2IV9E8umgu9u0fChUTjQJq+Jp25GJZMmWxoQN/nVx/1rcpFJ4m1xo3NPBoIRs+aV7FR+BM17mPrnkKlA8N2g==",
      "peer": true,
      "requires": {
        "tslib": "^2.1.0"
      }
    },
    "tslib": {
      "version": "2.4.1",
      "resolved": "https://registry.npmjs.org/tslib/-/tslib-2.4.1.tgz",
      "integrity": "sha512-tGyy4dAjRIEwI7BzsB0lynWgOpfqjUdq91XXAlIWD2OwKBH7oCl/GZG/HT4BOHrTlPMOASlMQ7veyTqpmRcrNA==",
      "peer": true
    }
  }
}
